{
  "name": "@alpha-lambda/reference-implementation",
  "version": "1.0.0",
  "lockfileVersion": 1,
  "requires": true,
  "dependencies": {
    "@alpha-lambda/handler": {
      "version": "1.2.1",
      "resolved": "https://registry.npmjs.org/@alpha-lambda/handler/-/handler-1.2.1.tgz",
      "integrity": "sha512-CfHWhjY/DCqIyDEr80CXq0iv3Pv9k6ag/axtBscPwhtoWzOGK1RHQwEGk9mlz+UBv58HUXHjIJKF+PWvkbMsZA=="
    }
  }
}
